
Microsoft Visual Studio Solution File, Format Version 12.00
# Visual Studio Version 16
VisualStudioVersion = 16.0.31702.278
MinimumVisualStudioVersion = 10.0.40219.1
Project("{2150E333-8FDC-42A3-9474-1A3956D46DE8}") = "ShopManagement", "ShopManagement", "{3C0732F2-C1FE-4523-8FA1-ECCF650F6DBF}"
EndProject
Project("{2150E333-8FDC-42A3-9474-1A3956D46DE8}") = "SM.Domain", "SM.Domain", "{7528E53D-AF4B-45CE-89A5-DDF8D7C34EE4}"
EndProject
Project("{9A19103F-16F7-4668-BE54-9A1E7A4F7556}") = "ShopManagement.Domain", "ShopManagement.Domain\ShopManagement.Domain.csproj", "{5108DA06-1FF1-4FF3-BD59-7F4AB48D6743}"
EndProject
Project("{9A19103F-16F7-4668-BE54-9A1E7A4F7556}") = "_0_Framework", "_0_Framework\_0_Framework.csproj", "{6DEB0295-680D-4B7C-857B-6E7578CA4B96}"
EndProject
Project("{2150E333-8FDC-42A3-9474-1A3956D46DE8}") = "SM.Application", "SM.Application", "{EE655B99-31BA-47E6-B409-6E3E33B19734}"
EndProject
Project("{9A19103F-16F7-4668-BE54-9A1E7A4F7556}") = "ShopManagement.Application.Contracts", "ShopManagement.Application.Contracts\ShopManagement.Application.Contracts.csproj", "{28756B2A-B4A8-4FB7-9128-F51271363042}"
EndProject
Project("{9A19103F-16F7-4668-BE54-9A1E7A4F7556}") = "ShopManagement.Application", "ShopManagement.Application\ShopManagement.Application.csproj", "{D22EB741-36D2-4511-AC3D-34CB3AB2DD9F}"
EndProject
Project("{2150E333-8FDC-42A3-9474-1A3956D46DE8}") = "SM.Infrastructure", "SM.Infrastructure", "{F600618B-2E1D-4132-8D63-0C45F1946D23}"
EndProject
Project("{9A19103F-16F7-4668-BE54-9A1E7A4F7556}") = "ShopManagement.Infrastructure.EFCore", "ShopManagement.Infrastructure.EFCore\ShopManagement.Infrastructure.EFCore.csproj", "{83AF2DF0-B199-40C0-9B58-32D0122A2667}"
EndProject
Project("{9A19103F-16F7-4668-BE54-9A1E7A4F7556}") = "ShopManagement.Configuration", "ShopManagement.Configuration\ShopManagement.Configuration.csproj", "{3FB87ACA-A071-47E0-9BCA-82911C1C18AE}"
EndProject
Project("{9A19103F-16F7-4668-BE54-9A1E7A4F7556}") = "ServiceHost", "ServiceHost\ServiceHost.csproj", "{9289131C-82F3-4145-A5B1-3827A383F3CE}"
EndProject
Project("{9A19103F-16F7-4668-BE54-9A1E7A4F7556}") = "01_LampshadeQuery", "01_LampshadeQuery\01_LampshadeQuery.csproj", "{6BC971CC-2550-4583-BA18-E61E1455F69A}"
EndProject
Project("{2150E333-8FDC-42A3-9474-1A3956D46DE8}") = "DiscountManagement", "DiscountManagement", "{3AD76C1D-44F3-4686-9807-F5C2338D67D8}"
EndProject
Project("{2150E333-8FDC-42A3-9474-1A3956D46DE8}") = "DM.Domain", "DM.Domain", "{7FAA3CE7-A466-4517-B38F-84926D9B2108}"
EndProject
Project("{9A19103F-16F7-4668-BE54-9A1E7A4F7556}") = "DiscountManagement.Domain", "DiscountManagement.Domain\DiscountManagement.Domain.csproj", "{8CE801D0-1DD4-487C-8C9C-32DEF25EDE8D}"
EndProject
Project("{2150E333-8FDC-42A3-9474-1A3956D46DE8}") = "DM.Application", "DM.Application", "{6AFB14BF-FB72-4C8B-BFE9-26CAE997D3C2}"
EndProject
Project("{9A19103F-16F7-4668-BE54-9A1E7A4F7556}") = "DiscountManagement.Application.Contracts", "DiscountManagement.Application.Contracts\DiscountManagement.Application.Contracts.csproj", "{B81B0B80-B2AB-48C6-B032-ED3A7519C325}"
EndProject
Project("{9A19103F-16F7-4668-BE54-9A1E7A4F7556}") = "DiscountManagement.Application", "DiscountManagement.Application\DiscountManagement.Application.csproj", "{1895B8A0-49E6-4297-BD4B-2B8B177C45BB}"
EndProject
Project("{2150E333-8FDC-42A3-9474-1A3956D46DE8}") = "DM.Infrastructure", "DM.Infrastructure", "{90727F0E-2258-487C-8A81-E3B7D31C5484}"
EndProject
Project("{9A19103F-16F7-4668-BE54-9A1E7A4F7556}") = "DiscountManagement.Infrastructure.EFCore", "DiscountManagement.Infrastructure.EFCore\DiscountManagement.Infrastructure.EFCore.csproj", "{80E94615-491F-4CBD-AFAE-828A398406A5}"
EndProject
Project("{9A19103F-16F7-4668-BE54-9A1E7A4F7556}") = "DiscountManagement.Configuration", "DiscountManagement.Configuration\DiscountManagement.Configuration.csproj", "{F8AA68B2-6070-45CE-B7C8-CEFC863E995F}"
EndProject
Project("{2150E333-8FDC-42A3-9474-1A3956D46DE8}") = "InventoryManagement", "InventoryManagement", "{FCBA4794-DBA0-4E68-B2CB-C897C37B8CF8}"
EndProject
Project("{2150E333-8FDC-42A3-9474-1A3956D46DE8}") = "Im.Domain", "Im.Domain", "{A7FBA628-19BF-477A-9C4A-AF03682D6AE2}"
EndProject
Project("{9A19103F-16F7-4668-BE54-9A1E7A4F7556}") = "InventoryManagement.Domain", "InventoryManagement.Domain\InventoryManagement.Domain.csproj", "{8CD9341F-F399-4FC9-A91E-2D4DDBA2D546}"
EndProject
Project("{2150E333-8FDC-42A3-9474-1A3956D46DE8}") = "IM.Application", "IM.Application", "{84BBB9F0-939B-4914-914A-342F333A617F}"
EndProject
Project("{FAE04EC0-301F-11D3-BF4B-00C04F79EFBC}") = "InventoryManagement.Application.Contracts", "InventoryManagement.Application.Contracts\InventoryManagement.Application.Contracts.csproj", "{D85C3522-7ABC-451A-8427-765DCC19A205}"
EndProject
Global
	GlobalSection(SolutionConfigurationPlatforms) = preSolution
		Debug|Any CPU = Debug|Any CPU
		Release|Any CPU = Release|Any CPU
	EndGlobalSection
	GlobalSection(ProjectConfigurationPlatforms) = postSolution
		{5108DA06-1FF1-4FF3-BD59-7F4AB48D6743}.Debug|Any CPU.ActiveCfg = Debug|Any CPU
		{5108DA06-1FF1-4FF3-BD59-7F4AB48D6743}.Debug|Any CPU.Build.0 = Debug|Any CPU
		{5108DA06-1FF1-4FF3-BD59-7F4AB48D6743}.Release|Any CPU.ActiveCfg = Release|Any CPU
		{5108DA06-1FF1-4FF3-BD59-7F4AB48D6743}.Release|Any CPU.Build.0 = Release|Any CPU
		{6DEB0295-680D-4B7C-857B-6E7578CA4B96}.Debug|Any CPU.ActiveCfg = Debug|Any CPU
		{6DEB0295-680D-4B7C-857B-6E7578CA4B96}.Debug|Any CPU.Build.0 = Debug|Any CPU
		{6DEB0295-680D-4B7C-857B-6E7578CA4B96}.Release|Any CPU.ActiveCfg = Release|Any CPU
		{6DEB0295-680D-4B7C-857B-6E7578CA4B96}.Release|Any CPU.Build.0 = Release|Any CPU
		{28756B2A-B4A8-4FB7-9128-F51271363042}.Debug|Any CPU.ActiveCfg = Debug|Any CPU
		{28756B2A-B4A8-4FB7-9128-F51271363042}.Debug|Any CPU.Build.0 = Debug|Any CPU
		{28756B2A-B4A8-4FB7-9128-F51271363042}.Release|Any CPU.ActiveCfg = Release|Any CPU
		{28756B2A-B4A8-4FB7-9128-F51271363042}.Release|Any CPU.Build.0 = Release|Any CPU
		{D22EB741-36D2-4511-AC3D-34CB3AB2DD9F}.Debug|Any CPU.ActiveCfg = Debug|Any CPU
		{D22EB741-36D2-4511-AC3D-34CB3AB2DD9F}.Debug|Any CPU.Build.0 = Debug|Any CPU
		{D22EB741-36D2-4511-AC3D-34CB3AB2DD9F}.Release|Any CPU.ActiveCfg = Release|Any CPU
		{D22EB741-36D2-4511-AC3D-34CB3AB2DD9F}.Release|Any CPU.Build.0 = Release|Any CPU
		{83AF2DF0-B199-40C0-9B58-32D0122A2667}.Debug|Any CPU.ActiveCfg = Debug|Any CPU
		{83AF2DF0-B199-40C0-9B58-32D0122A2667}.Debug|Any CPU.Build.0 = Debug|Any CPU
		{83AF2DF0-B199-40C0-9B58-32D0122A2667}.Release|Any CPU.ActiveCfg = Release|Any CPU
		{83AF2DF0-B199-40C0-9B58-32D0122A2667}.Release|Any CPU.Build.0 = Release|Any CPU
		{3FB87ACA-A071-47E0-9BCA-82911C1C18AE}.Debug|Any CPU.ActiveCfg = Debug|Any CPU
		{3FB87ACA-A071-47E0-9BCA-82911C1C18AE}.Debug|Any CPU.Build.0 = Debug|Any CPU
		{3FB87ACA-A071-47E0-9BCA-82911C1C18AE}.Release|Any CPU.ActiveCfg = Release|Any CPU
		{3FB87ACA-A071-47E0-9BCA-82911C1C18AE}.Release|Any CPU.Build.0 = Release|Any CPU
		{9289131C-82F3-4145-A5B1-3827A383F3CE}.Debug|Any CPU.ActiveCfg = Debug|Any CPU
		{9289131C-82F3-4145-A5B1-3827A383F3CE}.Debug|Any CPU.Build.0 = Debug|Any CPU
		{9289131C-82F3-4145-A5B1-3827A383F3CE}.Release|Any CPU.ActiveCfg = Release|Any CPU
		{9289131C-82F3-4145-A5B1-3827A383F3CE}.Release|Any CPU.Build.0 = Release|Any CPU
		{6BC971CC-2550-4583-BA18-E61E1455F69A}.Debug|Any CPU.ActiveCfg = Debug|Any CPU
		{6BC971CC-2550-4583-BA18-E61E1455F69A}.Debug|Any CPU.Build.0 = Debug|Any CPU
		{6BC971CC-2550-4583-BA18-E61E1455F69A}.Release|Any CPU.ActiveCfg = Release|Any CPU
		{6BC971CC-2550-4583-BA18-E61E1455F69A}.Release|Any CPU.Build.0 = Release|Any CPU
		{8CE801D0-1DD4-487C-8C9C-32DEF25EDE8D}.Debug|Any CPU.ActiveCfg = Debug|Any CPU
		{8CE801D0-1DD4-487C-8C9C-32DEF25EDE8D}.Debug|Any CPU.Build.0 = Debug|Any CPU
		{8CE801D0-1DD4-487C-8C9C-32DEF25EDE8D}.Release|Any CPU.ActiveCfg = Release|Any CPU
		{8CE801D0-1DD4-487C-8C9C-32DEF25EDE8D}.Release|Any CPU.Build.0 = Release|Any CPU
		{B81B0B80-B2AB-48C6-B032-ED3A7519C325}.Debug|Any CPU.ActiveCfg = Debug|Any CPU
		{B81B0B80-B2AB-48C6-B032-ED3A7519C325}.Debug|Any CPU.Build.0 = Debug|Any CPU
		{B81B0B80-B2AB-48C6-B032-ED3A7519C325}.Release|Any CPU.ActiveCfg = Release|Any CPU
		{B81B0B80-B2AB-48C6-B032-ED3A7519C325}.Release|Any CPU.Build.0 = Release|Any CPU
		{1895B8A0-49E6-4297-BD4B-2B8B177C45BB}.Debug|Any CPU.ActiveCfg = Debug|Any CPU
		{1895B8A0-49E6-4297-BD4B-2B8B177C45BB}.Debug|Any CPU.Build.0 = Debug|Any CPU
		{1895B8A0-49E6-4297-BD4B-2B8B177C45BB}.Release|Any CPU.ActiveCfg = Release|Any CPU
		{1895B8A0-49E6-4297-BD4B-2B8B177C45BB}.Release|Any CPU.Build.0 = Release|Any CPU
		{80E94615-491F-4CBD-AFAE-828A398406A5}.Debug|Any CPU.ActiveCfg = Debug|Any CPU
		{80E94615-491F-4CBD-AFAE-828A398406A5}.Debug|Any CPU.Build.0 = Debug|Any CPU
		{80E94615-491F-4CBD-AFAE-828A398406A5}.Release|Any CPU.ActiveCfg = Release|Any CPU
		{80E94615-491F-4CBD-AFAE-828A398406A5}.Release|Any CPU.Build.0 = Release|Any CPU
		{F8AA68B2-6070-45CE-B7C8-CEFC863E995F}.Debug|Any CPU.ActiveCfg = Debug|Any CPU
		{F8AA68B2-6070-45CE-B7C8-CEFC863E995F}.Debug|Any CPU.Build.0 = Debug|Any CPU
		{F8AA68B2-6070-45CE-B7C8-CEFC863E995F}.Release|Any CPU.ActiveCfg = Release|Any CPU
		{F8AA68B2-6070-45CE-B7C8-CEFC863E995F}.Release|Any CPU.Build.0 = Release|Any CPU
		{8CD9341F-F399-4FC9-A91E-2D4DDBA2D546}.Debug|Any CPU.ActiveCfg = Debug|Any CPU
		{8CD9341F-F399-4FC9-A91E-2D4DDBA2D546}.Debug|Any CPU.Build.0 = Debug|Any CPU
		{8CD9341F-F399-4FC9-A91E-2D4DDBA2D546}.Release|Any CPU.ActiveCfg = Release|Any CPU
		{8CD9341F-F399-4FC9-A91E-2D4DDBA2D546}.Release|Any CPU.Build.0 = Release|Any CPU
		{D85C3522-7ABC-451A-8427-765DCC19A205}.Debug|Any CPU.ActiveCfg = Debug|Any CPU
		{D85C3522-7ABC-451A-8427-765DCC19A205}.Debug|Any CPU.Build.0 = Debug|Any CPU
		{D85C3522-7ABC-451A-8427-765DCC19A205}.Release|Any CPU.ActiveCfg = Release|Any CPU
		{D85C3522-7ABC-451A-8427-765DCC19A205}.Release|Any CPU.Build.0 = Release|Any CPU
	EndGlobalSection
	GlobalSection(SolutionProperties) = preSolution
		HideSolutionNode = FALSE
	EndGlobalSection
	GlobalSection(NestedProjects) = preSolution
		{7528E53D-AF4B-45CE-89A5-DDF8D7C34EE4} = {3C0732F2-C1FE-4523-8FA1-ECCF650F6DBF}
		{5108DA06-1FF1-4FF3-BD59-7F4AB48D6743} = {7528E53D-AF4B-45CE-89A5-DDF8D7C34EE4}
		{EE655B99-31BA-47E6-B409-6E3E33B19734} = {3C0732F2-C1FE-4523-8FA1-ECCF650F6DBF}
		{28756B2A-B4A8-4FB7-9128-F51271363042} = {EE655B99-31BA-47E6-B409-6E3E33B19734}
		{D22EB741-36D2-4511-AC3D-34CB3AB2DD9F} = {EE655B99-31BA-47E6-B409-6E3E33B19734}
		{F600618B-2E1D-4132-8D63-0C45F1946D23} = {3C0732F2-C1FE-4523-8FA1-ECCF650F6DBF}
		{83AF2DF0-B199-40C0-9B58-32D0122A2667} = {F600618B-2E1D-4132-8D63-0C45F1946D23}
		{3FB87ACA-A071-47E0-9BCA-82911C1C18AE} = {F600618B-2E1D-4132-8D63-0C45F1946D23}
		{7FAA3CE7-A466-4517-B38F-84926D9B2108} = {3AD76C1D-44F3-4686-9807-F5C2338D67D8}
		{8CE801D0-1DD4-487C-8C9C-32DEF25EDE8D} = {7FAA3CE7-A466-4517-B38F-84926D9B2108}
		{6AFB14BF-FB72-4C8B-BFE9-26CAE997D3C2} = {3AD76C1D-44F3-4686-9807-F5C2338D67D8}
		{B81B0B80-B2AB-48C6-B032-ED3A7519C325} = {6AFB14BF-FB72-4C8B-BFE9-26CAE997D3C2}
		{1895B8A0-49E6-4297-BD4B-2B8B177C45BB} = {6AFB14BF-FB72-4C8B-BFE9-26CAE997D3C2}
		{90727F0E-2258-487C-8A81-E3B7D31C5484} = {3AD76C1D-44F3-4686-9807-F5C2338D67D8}
		{80E94615-491F-4CBD-AFAE-828A398406A5} = {90727F0E-2258-487C-8A81-E3B7D31C5484}
		{F8AA68B2-6070-45CE-B7C8-CEFC863E995F} = {90727F0E-2258-487C-8A81-E3B7D31C5484}
		{A7FBA628-19BF-477A-9C4A-AF03682D6AE2} = {FCBA4794-DBA0-4E68-B2CB-C897C37B8CF8}
		{8CD9341F-F399-4FC9-A91E-2D4DDBA2D546} = {A7FBA628-19BF-477A-9C4A-AF03682D6AE2}
		{84BBB9F0-939B-4914-914A-342F333A617F} = {FCBA4794-DBA0-4E68-B2CB-C897C37B8CF8}
		{D85C3522-7ABC-451A-8427-765DCC19A205} = {84BBB9F0-939B-4914-914A-342F333A617F}
	EndGlobalSection
	GlobalSection(ExtensibilityGlobals) = postSolution
		SolutionGuid = {BD523794-1255-408B-9334-83A9E4555304}
	EndGlobalSection
EndGlobal
