
Microsoft Visual Studio Solution File, Format Version 12.00
# Visual Studio Version 16
VisualStudioVersion = 16.0.31702.278
MinimumVisualStudioVersion = 10.0.40219.1
Project("{2150E333-8FDC-42A3-9474-1A3956D46DE8}") = "ShopManagement", "ShopManagement", "{3C0732F2-C1FE-4523-8FA1-ECCF650F6DBF}"
EndProject
Project("{2150E333-8FDC-42A3-9474-1A3956D46DE8}") = "SM.Domain", "SM.Domain", "{7528E53D-AF4B-45CE-89A5-DDF8D7C34EE4}"
EndProject
Project("{9A19103F-16F7-4668-BE54-9A1E7A4F7556}") = "ShopManagement.Domain", "ShopManagement.Domain\ShopManagement.Domain.csproj", "{5108DA06-1FF1-4FF3-BD59-7F4AB48D6743}"
EndProject
Project("{9A19103F-16F7-4668-BE54-9A1E7A4F7556}") = "_0_Framework", "_0_Framework\_0_Framework.csproj", "{6DEB0295-680D-4B7C-857B-6E7578CA4B96}"
EndProject
Project("{2150E333-8FDC-42A3-9474-1A3956D46DE8}") = "SM.Application", "SM.Application", "{EE655B99-31BA-47E6-B409-6E3E33B19734}"
EndProject
Project("{9A19103F-16F7-4668-BE54-9A1E7A4F7556}") = "ShopManagement.Application.Contracts", "ShopManagement.Application.Contracts\ShopManagement.Application.Contracts.csproj", "{28756B2A-B4A8-4FB7-9128-F51271363042}"
EndProject
Project("{9A19103F-16F7-4668-BE54-9A1E7A4F7556}") = "ShopManagement.Application", "ShopManagement.Application\ShopManagement.Application.csproj", "{D22EB741-36D2-4511-AC3D-34CB3AB2DD9F}"
EndProject
Project("{2150E333-8FDC-42A3-9474-1A3956D46DE8}") = "SM.Infrastructure", "SM.Infrastructure", "{F600618B-2E1D-4132-8D63-0C45F1946D23}"
EndProject
Project("{9A19103F-16F7-4668-BE54-9A1E7A4F7556}") = "ShopManagement.Infrastructure.EFCore", "ShopManagement.Infrastructure.EFCore\ShopManagement.Infrastructure.EFCore.csproj", "{83AF2DF0-B199-40C0-9B58-32D0122A2667}"
EndProject
Project("{9A19103F-16F7-4668-BE54-9A1E7A4F7556}") = "ShopManagement.Configuration", "ShopManagement.Configuration\ShopManagement.Configuration.csproj", "{3FB87ACA-A071-47E0-9BCA-82911C1C18AE}"
EndProject
Project("{9A19103F-16F7-4668-BE54-9A1E7A4F7556}") = "ServiceHost", "ServiceHost\ServiceHost.csproj", "{9289131C-82F3-4145-A5B1-3827A383F3CE}"
EndProject
Project("{9A19103F-16F7-4668-BE54-9A1E7A4F7556}") = "01_LampshadeQuery", "01_LampshadeQuery\01_LampshadeQuery.csproj", "{6BC971CC-2550-4583-BA18-E61E1455F69A}"
EndProject
Project("{2150E333-8FDC-42A3-9474-1A3956D46DE8}") = "DiscountManagement", "DiscountManagement", "{3AD76C1D-44F3-4686-9807-F5C2338D67D8}"
EndProject
Project("{2150E333-8FDC-42A3-9474-1A3956D46DE8}") = "DM.Domain", "DM.Domain", "{7FAA3CE7-A466-4517-B38F-84926D9B2108}"
EndProject
Project("{9A19103F-16F7-4668-BE54-9A1E7A4F7556}") = "DiscountManagement.Domain", "DiscountManagement.Domain\DiscountManagement.Domain.csproj", "{8CE801D0-1DD4-487C-8C9C-32DEF25EDE8D}"
EndProject
Project("{2150E333-8FDC-42A3-9474-1A3956D46DE8}") = "DM.Application", "DM.Application", "{6AFB14BF-FB72-4C8B-BFE9-26CAE997D3C2}"
EndProject
Project("{9A19103F-16F7-4668-BE54-9A1E7A4F7556}") = "DiscountManagement.Application.Contracts", "DiscountManagement.Application.Contracts\DiscountManagement.Application.Contracts.csproj", "{B81B0B80-B2AB-48C6-B032-ED3A7519C325}"
EndProject
Project("{9A19103F-16F7-4668-BE54-9A1E7A4F7556}") = "DiscountManagement.Application", "DiscountManagement.Application\DiscountManagement.Application.csproj", "{1895B8A0-49E6-4297-BD4B-2B8B177C45BB}"
EndProject
Project("{2150E333-8FDC-42A3-9474-1A3956D46DE8}") = "DM.Infrastructure", "DM.Infrastructure", "{90727F0E-2258-487C-8A81-E3B7D31C5484}"
EndProject
Project("{9A19103F-16F7-4668-BE54-9A1E7A4F7556}") = "DiscountManagement.Infrastructure.EFCore", "DiscountManagement.Infrastructure.EFCore\DiscountManagement.Infrastructure.EFCore.csproj", "{80E94615-491F-4CBD-AFAE-828A398406A5}"
EndProject
Project("{9A19103F-16F7-4668-BE54-9A1E7A4F7556}") = "DiscountManagement.Configuration", "DiscountManagement.Configuration\DiscountManagement.Configuration.csproj", "{F8AA68B2-6070-45CE-B7C8-CEFC863E995F}"
EndProject
Project("{2150E333-8FDC-42A3-9474-1A3956D46DE8}") = "InventoryManagement", "InventoryManagement", "{FCBA4794-DBA0-4E68-B2CB-C897C37B8CF8}"
EndProject
Project("{2150E333-8FDC-42A3-9474-1A3956D46DE8}") = "Im.Domain", "Im.Domain", "{A7FBA628-19BF-477A-9C4A-AF03682D6AE2}"
EndProject
Project("{9A19103F-16F7-4668-BE54-9A1E7A4F7556}") = "InventoryManagement.Domain", "InventoryManagement.Domain\InventoryManagement.Domain.csproj", "{8CD9341F-F399-4FC9-A91E-2D4DDBA2D546}"
EndProject
Project("{2150E333-8FDC-42A3-9474-1A3956D46DE8}") = "IM.Application", "IM.Application", "{84BBB9F0-939B-4914-914A-342F333A617F}"
EndProject
Project("{9A19103F-16F7-4668-BE54-9A1E7A4F7556}") = "InventoryManagement.Application.Contracts", "InventoryManagement.Application.Contracts\InventoryManagement.Application.Contracts.csproj", "{D85C3522-7ABC-451A-8427-765DCC19A205}"
EndProject
Project("{2150E333-8FDC-42A3-9474-1A3956D46DE8}") = "IM.Infrastructure", "IM.Infrastructure", "{00D16466-5960-427B-8BFB-F1E4019518CA}"
EndProject
Project("{9A19103F-16F7-4668-BE54-9A1E7A4F7556}") = "InventoryManagement.Infrastructure.EFCore", "InventoryManagement.Infrastructure.EFCore\InventoryManagement.Infrastructure.EFCore.csproj", "{DB171C76-03AD-4FEE-82C1-74DE7DCC8232}"
EndProject
Project("{9A19103F-16F7-4668-BE54-9A1E7A4F7556}") = "InventoryManagement.Infrastructure.Configuration", "InventoryManagement.Infrastructure.Configuration\InventoryManagement.Infrastructure.Configuration.csproj", "{3F6D86B4-2F21-47AC-84B0-4B1557400B4F}"
EndProject
Project("{9A19103F-16F7-4668-BE54-9A1E7A4F7556}") = "InventoryManagement.Application", "InventoryManagement.Application\InventoryManagement.Application.csproj", "{2EAFEE6E-9957-4CF1-800C-14F95C2E313A}"
EndProject
Project("{2150E333-8FDC-42A3-9474-1A3956D46DE8}") = "BlogManagement", "BlogManagement", "{15222D91-334F-4D3D-9919-2AAB0AF14FE4}"
EndProject
Project("{2150E333-8FDC-42A3-9474-1A3956D46DE8}") = "BM.Domain", "BM.Domain", "{C4963D98-A0E0-4FE6-A7CD-E4CFD39E0AD4}"
EndProject
Project("{9A19103F-16F7-4668-BE54-9A1E7A4F7556}") = "BlogManagement.Domain", "BlogManagement.Domain\BlogManagement.Domain.csproj", "{46DC9160-103F-4001-AF45-2C8715ACA9C9}"
EndProject
Project("{2150E333-8FDC-42A3-9474-1A3956D46DE8}") = "BM.Application", "BM.Application", "{3EBA2030-14C4-44BF-A5A6-C9B6903A2575}"
EndProject
Project("{9A19103F-16F7-4668-BE54-9A1E7A4F7556}") = "BolgManagement.Application.Contracts", "BolgManagement.Application.Contracts\BolgManagement.Application.Contracts.csproj", "{F7C73CB9-58D3-4BF3-88D3-495C600DCA93}"
EndProject
Project("{9A19103F-16F7-4668-BE54-9A1E7A4F7556}") = "BlogManagement.Application", "BlogManagement.Application\BlogManagement.Application.csproj", "{8393E979-A269-4BED-BDE7-9C8C8067E49E}"
EndProject
Project("{2150E333-8FDC-42A3-9474-1A3956D46DE8}") = "BM.Infrastructure", "BM.Infrastructure", "{11A47325-4737-40D6-BB1E-AEF5AD754C4B}"
EndProject
Project("{9A19103F-16F7-4668-BE54-9A1E7A4F7556}") = "BlogManagement.Infrastructure.EFCore", "BlogManagement.Infrastructure.EFCore\BlogManagement.Infrastructure.EFCore.csproj", "{2A2A8AB4-F913-46FA-93B3-9C95680D36EE}"
EndProject
Project("{9A19103F-16F7-4668-BE54-9A1E7A4F7556}") = "BlogManagement.Infrastructure.Configuration", "BlogManagement.Infrastructure.Configuration\BlogManagement.Infrastructure.Configuration.csproj", "{4DD1B041-C22A-488C-930B-7C244F673194}"
EndProject
Project("{2150E333-8FDC-42A3-9474-1A3956D46DE8}") = "CommentManagement", "CommentManagement", "{2644E997-7457-424D-A916-BBDAAE441B26}"
EndProject
Project("{2150E333-8FDC-42A3-9474-1A3956D46DE8}") = "CM.Domain", "CM.Domain", "{D99A5808-76B7-4FE5-8497-84EBAEF0A76A}"
EndProject
Project("{9A19103F-16F7-4668-BE54-9A1E7A4F7556}") = "CommentManagement.Domain", "CommentManagement.Domain\CommentManagement.Domain.csproj", "{7677DF25-7410-44BC-86DE-06609AD61D5C}"
EndProject
Project("{2150E333-8FDC-42A3-9474-1A3956D46DE8}") = "CM.Application", "CM.Application", "{E4392455-FE64-44D1-A1AB-DABB3813A811}"
EndProject
Project("{9A19103F-16F7-4668-BE54-9A1E7A4F7556}") = "CommentManagement.Application.Contracts", "CommentManagement.Application.Contracts\CommentManagement.Application.Contracts.csproj", "{D7B17179-003F-43F8-8629-7073D4AAA11F}"
EndProject
Project("{9A19103F-16F7-4668-BE54-9A1E7A4F7556}") = "CommentManagement.Appliation", "CommentManagement.Appliation\CommentManagement.Appliation.csproj", "{24329CD7-ADF6-4B1D-A67B-5B28FF15B684}"
EndProject
Project("{2150E333-8FDC-42A3-9474-1A3956D46DE8}") = "CM.Infrastructure", "CM.Infrastructure", "{6C9E8E79-2838-4F69-A6B7-045CCB191951}"
EndProject
Project("{9A19103F-16F7-4668-BE54-9A1E7A4F7556}") = "CommentManagement.Infrastructure.EFCore", "CommentManagement.Infrastructure.EFCore\CommentManagement.Infrastructure.EFCore.csproj", "{4094FA8C-A6E4-43AC-A2B0-FD0619573F49}"
EndProject
Project("{9A19103F-16F7-4668-BE54-9A1E7A4F7556}") = "CommentManagement.Infrastructure.Configuration", "CommentManagement.Infrastructure.Configuration\CommentManagement.Infrastructure.Configuration.csproj", "{D18C3790-61A1-4048-B214-908FD533E7A5}"
EndProject
Project("{2150E333-8FDC-42A3-9474-1A3956D46DE8}") = "Account Management", "Account Management", "{A9FA30AC-CA34-4A95-8AD1-4148A4AF7AB4}"
EndProject
Project("{2150E333-8FDC-42A3-9474-1A3956D46DE8}") = "AM.Domain", "AM.Domain", "{EA503461-5215-419C-BA30-1DF6FCAA795A}"
EndProject
Project("{9A19103F-16F7-4668-BE54-9A1E7A4F7556}") = "AccountManagement.Domain", "AccountManagement.Domain\AccountManagement.Domain.csproj", "{935C7E3B-C8E9-4B60-A43D-14778925B573}"
EndProject
Project("{2150E333-8FDC-42A3-9474-1A3956D46DE8}") = "AM.Application", "AM.Application", "{CF6EE13C-5AA0-4656-BEDB-BE54D6DC5962}"
EndProject
Project("{9A19103F-16F7-4668-BE54-9A1E7A4F7556}") = "AccountManagement.Application.Contracts", "AccountManagement.Application.Contracts\AccountManagement.Application.Contracts.csproj", "{59D1C1CB-E4DA-44F1-824E-06A97FFB8782}"
EndProject
Project("{2150E333-8FDC-42A3-9474-1A3956D46DE8}") = "AM.Infrastructure", "AM.Infrastructure", "{244C89BE-5CEB-4577-8FB1-A7EF6A40C693}"
EndProject
Project("{9A19103F-16F7-4668-BE54-9A1E7A4F7556}") = "AccountManagement.Application", "AccountManagement.Application\AccountManagement.Application.csproj", "{98F23450-4E13-4743-B414-7463D631CE98}"
EndProject
Project("{9A19103F-16F7-4668-BE54-9A1E7A4F7556}") = "AccountManagement.Infrastructure.Configuration", "AccountManagement.Infrastructure.Configuration\AccountManagement.Infrastructure.Configuration.csproj", "{C73DA7EB-3A64-4F49-AF69-AA7364079413}"
EndProject
Project("{9A19103F-16F7-4668-BE54-9A1E7A4F7556}") = "AccountManagement.Infrastructure.EFCore", "AccountManagement.Infrastructure.EFCore\AccountManagement.Infrastructure.EFCore.csproj", "{0DE57769-51A3-4D74-BCE0-AF5DFD2F8CD1}"
EndProject
Global
	GlobalSection(SolutionConfigurationPlatforms) = preSolution
		Debug|Any CPU = Debug|Any CPU
		Release|Any CPU = Release|Any CPU
	EndGlobalSection
	GlobalSection(ProjectConfigurationPlatforms) = postSolution
		{5108DA06-1FF1-4FF3-BD59-7F4AB48D6743}.Debug|Any CPU.ActiveCfg = Debug|Any CPU
		{5108DA06-1FF1-4FF3-BD59-7F4AB48D6743}.Debug|Any CPU.Build.0 = Debug|Any CPU
		{5108DA06-1FF1-4FF3-BD59-7F4AB48D6743}.Release|Any CPU.ActiveCfg = Release|Any CPU
		{5108DA06-1FF1-4FF3-BD59-7F4AB48D6743}.Release|Any CPU.Build.0 = Release|Any CPU
		{6DEB0295-680D-4B7C-857B-6E7578CA4B96}.Debug|Any CPU.ActiveCfg = Debug|Any CPU
		{6DEB0295-680D-4B7C-857B-6E7578CA4B96}.Debug|Any CPU.Build.0 = Debug|Any CPU
		{6DEB0295-680D-4B7C-857B-6E7578CA4B96}.Release|Any CPU.ActiveCfg = Release|Any CPU
		{6DEB0295-680D-4B7C-857B-6E7578CA4B96}.Release|Any CPU.Build.0 = Release|Any CPU
		{28756B2A-B4A8-4FB7-9128-F51271363042}.Debug|Any CPU.ActiveCfg = Debug|Any CPU
		{28756B2A-B4A8-4FB7-9128-F51271363042}.Debug|Any CPU.Build.0 = Debug|Any CPU
		{28756B2A-B4A8-4FB7-9128-F51271363042}.Release|Any CPU.ActiveCfg = Release|Any CPU
		{28756B2A-B4A8-4FB7-9128-F51271363042}.Release|Any CPU.Build.0 = Release|Any CPU
		{D22EB741-36D2-4511-AC3D-34CB3AB2DD9F}.Debug|Any CPU.ActiveCfg = Debug|Any CPU
		{D22EB741-36D2-4511-AC3D-34CB3AB2DD9F}.Debug|Any CPU.Build.0 = Debug|Any CPU
		{D22EB741-36D2-4511-AC3D-34CB3AB2DD9F}.Release|Any CPU.ActiveCfg = Release|Any CPU
		{D22EB741-36D2-4511-AC3D-34CB3AB2DD9F}.Release|Any CPU.Build.0 = Release|Any CPU
		{83AF2DF0-B199-40C0-9B58-32D0122A2667}.Debug|Any CPU.ActiveCfg = Debug|Any CPU
		{83AF2DF0-B199-40C0-9B58-32D0122A2667}.Debug|Any CPU.Build.0 = Debug|Any CPU
		{83AF2DF0-B199-40C0-9B58-32D0122A2667}.Release|Any CPU.ActiveCfg = Release|Any CPU
		{83AF2DF0-B199-40C0-9B58-32D0122A2667}.Release|Any CPU.Build.0 = Release|Any CPU
		{3FB87ACA-A071-47E0-9BCA-82911C1C18AE}.Debug|Any CPU.ActiveCfg = Debug|Any CPU
		{3FB87ACA-A071-47E0-9BCA-82911C1C18AE}.Debug|Any CPU.Build.0 = Debug|Any CPU
		{3FB87ACA-A071-47E0-9BCA-82911C1C18AE}.Release|Any CPU.ActiveCfg = Release|Any CPU
		{3FB87ACA-A071-47E0-9BCA-82911C1C18AE}.Release|Any CPU.Build.0 = Release|Any CPU
		{9289131C-82F3-4145-A5B1-3827A383F3CE}.Debug|Any CPU.ActiveCfg = Debug|Any CPU
		{9289131C-82F3-4145-A5B1-3827A383F3CE}.Debug|Any CPU.Build.0 = Debug|Any CPU
		{9289131C-82F3-4145-A5B1-3827A383F3CE}.Release|Any CPU.ActiveCfg = Release|Any CPU
		{9289131C-82F3-4145-A5B1-3827A383F3CE}.Release|Any CPU.Build.0 = Release|Any CPU
		{6BC971CC-2550-4583-BA18-E61E1455F69A}.Debug|Any CPU.ActiveCfg = Debug|Any CPU
		{6BC971CC-2550-4583-BA18-E61E1455F69A}.Debug|Any CPU.Build.0 = Debug|Any CPU
		{6BC971CC-2550-4583-BA18-E61E1455F69A}.Release|Any CPU.ActiveCfg = Release|Any CPU
		{6BC971CC-2550-4583-BA18-E61E1455F69A}.Release|Any CPU.Build.0 = Release|Any CPU
		{8CE801D0-1DD4-487C-8C9C-32DEF25EDE8D}.Debug|Any CPU.ActiveCfg = Debug|Any CPU
		{8CE801D0-1DD4-487C-8C9C-32DEF25EDE8D}.Debug|Any CPU.Build.0 = Debug|Any CPU
		{8CE801D0-1DD4-487C-8C9C-32DEF25EDE8D}.Release|Any CPU.ActiveCfg = Release|Any CPU
		{8CE801D0-1DD4-487C-8C9C-32DEF25EDE8D}.Release|Any CPU.Build.0 = Release|Any CPU
		{B81B0B80-B2AB-48C6-B032-ED3A7519C325}.Debug|Any CPU.ActiveCfg = Debug|Any CPU
		{B81B0B80-B2AB-48C6-B032-ED3A7519C325}.Debug|Any CPU.Build.0 = Debug|Any CPU
		{B81B0B80-B2AB-48C6-B032-ED3A7519C325}.Release|Any CPU.ActiveCfg = Release|Any CPU
		{B81B0B80-B2AB-48C6-B032-ED3A7519C325}.Release|Any CPU.Build.0 = Release|Any CPU
		{1895B8A0-49E6-4297-BD4B-2B8B177C45BB}.Debug|Any CPU.ActiveCfg = Debug|Any CPU
		{1895B8A0-49E6-4297-BD4B-2B8B177C45BB}.Debug|Any CPU.Build.0 = Debug|Any CPU
		{1895B8A0-49E6-4297-BD4B-2B8B177C45BB}.Release|Any CPU.ActiveCfg = Release|Any CPU
		{1895B8A0-49E6-4297-BD4B-2B8B177C45BB}.Release|Any CPU.Build.0 = Release|Any CPU
		{80E94615-491F-4CBD-AFAE-828A398406A5}.Debug|Any CPU.ActiveCfg = Debug|Any CPU
		{80E94615-491F-4CBD-AFAE-828A398406A5}.Debug|Any CPU.Build.0 = Debug|Any CPU
		{80E94615-491F-4CBD-AFAE-828A398406A5}.Release|Any CPU.ActiveCfg = Release|Any CPU
		{80E94615-491F-4CBD-AFAE-828A398406A5}.Release|Any CPU.Build.0 = Release|Any CPU
		{F8AA68B2-6070-45CE-B7C8-CEFC863E995F}.Debug|Any CPU.ActiveCfg = Debug|Any CPU
		{F8AA68B2-6070-45CE-B7C8-CEFC863E995F}.Debug|Any CPU.Build.0 = Debug|Any CPU
		{F8AA68B2-6070-45CE-B7C8-CEFC863E995F}.Release|Any CPU.ActiveCfg = Release|Any CPU
		{F8AA68B2-6070-45CE-B7C8-CEFC863E995F}.Release|Any CPU.Build.0 = Release|Any CPU
		{8CD9341F-F399-4FC9-A91E-2D4DDBA2D546}.Debug|Any CPU.ActiveCfg = Debug|Any CPU
		{8CD9341F-F399-4FC9-A91E-2D4DDBA2D546}.Debug|Any CPU.Build.0 = Debug|Any CPU
		{8CD9341F-F399-4FC9-A91E-2D4DDBA2D546}.Release|Any CPU.ActiveCfg = Release|Any CPU
		{8CD9341F-F399-4FC9-A91E-2D4DDBA2D546}.Release|Any CPU.Build.0 = Release|Any CPU
		{D85C3522-7ABC-451A-8427-765DCC19A205}.Debug|Any CPU.ActiveCfg = Debug|Any CPU
		{D85C3522-7ABC-451A-8427-765DCC19A205}.Debug|Any CPU.Build.0 = Debug|Any CPU
		{D85C3522-7ABC-451A-8427-765DCC19A205}.Release|Any CPU.ActiveCfg = Release|Any CPU
		{D85C3522-7ABC-451A-8427-765DCC19A205}.Release|Any CPU.Build.0 = Release|Any CPU
		{DB171C76-03AD-4FEE-82C1-74DE7DCC8232}.Debug|Any CPU.ActiveCfg = Debug|Any CPU
		{DB171C76-03AD-4FEE-82C1-74DE7DCC8232}.Debug|Any CPU.Build.0 = Debug|Any CPU
		{DB171C76-03AD-4FEE-82C1-74DE7DCC8232}.Release|Any CPU.ActiveCfg = Release|Any CPU
		{DB171C76-03AD-4FEE-82C1-74DE7DCC8232}.Release|Any CPU.Build.0 = Release|Any CPU
		{3F6D86B4-2F21-47AC-84B0-4B1557400B4F}.Debug|Any CPU.ActiveCfg = Debug|Any CPU
		{3F6D86B4-2F21-47AC-84B0-4B1557400B4F}.Debug|Any CPU.Build.0 = Debug|Any CPU
		{3F6D86B4-2F21-47AC-84B0-4B1557400B4F}.Release|Any CPU.ActiveCfg = Release|Any CPU
		{3F6D86B4-2F21-47AC-84B0-4B1557400B4F}.Release|Any CPU.Build.0 = Release|Any CPU
		{2EAFEE6E-9957-4CF1-800C-14F95C2E313A}.Debug|Any CPU.ActiveCfg = Debug|Any CPU
		{2EAFEE6E-9957-4CF1-800C-14F95C2E313A}.Debug|Any CPU.Build.0 = Debug|Any CPU
		{2EAFEE6E-9957-4CF1-800C-14F95C2E313A}.Release|Any CPU.ActiveCfg = Release|Any CPU
		{2EAFEE6E-9957-4CF1-800C-14F95C2E313A}.Release|Any CPU.Build.0 = Release|Any CPU
		{46DC9160-103F-4001-AF45-2C8715ACA9C9}.Debug|Any CPU.ActiveCfg = Debug|Any CPU
		{46DC9160-103F-4001-AF45-2C8715ACA9C9}.Debug|Any CPU.Build.0 = Debug|Any CPU
		{46DC9160-103F-4001-AF45-2C8715ACA9C9}.Release|Any CPU.ActiveCfg = Release|Any CPU
		{46DC9160-103F-4001-AF45-2C8715ACA9C9}.Release|Any CPU.Build.0 = Release|Any CPU
		{F7C73CB9-58D3-4BF3-88D3-495C600DCA93}.Debug|Any CPU.ActiveCfg = Debug|Any CPU
		{F7C73CB9-58D3-4BF3-88D3-495C600DCA93}.Debug|Any CPU.Build.0 = Debug|Any CPU
		{F7C73CB9-58D3-4BF3-88D3-495C600DCA93}.Release|Any CPU.ActiveCfg = Release|Any CPU
		{F7C73CB9-58D3-4BF3-88D3-495C600DCA93}.Release|Any CPU.Build.0 = Release|Any CPU
		{8393E979-A269-4BED-BDE7-9C8C8067E49E}.Debug|Any CPU.ActiveCfg = Debug|Any CPU
		{8393E979-A269-4BED-BDE7-9C8C8067E49E}.Debug|Any CPU.Build.0 = Debug|Any CPU
		{8393E979-A269-4BED-BDE7-9C8C8067E49E}.Release|Any CPU.ActiveCfg = Release|Any CPU
		{8393E979-A269-4BED-BDE7-9C8C8067E49E}.Release|Any CPU.Build.0 = Release|Any CPU
		{2A2A8AB4-F913-46FA-93B3-9C95680D36EE}.Debug|Any CPU.ActiveCfg = Debug|Any CPU
		{2A2A8AB4-F913-46FA-93B3-9C95680D36EE}.Debug|Any CPU.Build.0 = Debug|Any CPU
		{2A2A8AB4-F913-46FA-93B3-9C95680D36EE}.Release|Any CPU.ActiveCfg = Release|Any CPU
		{2A2A8AB4-F913-46FA-93B3-9C95680D36EE}.Release|Any CPU.Build.0 = Release|Any CPU
		{4DD1B041-C22A-488C-930B-7C244F673194}.Debug|Any CPU.ActiveCfg = Debug|Any CPU
		{4DD1B041-C22A-488C-930B-7C244F673194}.Debug|Any CPU.Build.0 = Debug|Any CPU
		{4DD1B041-C22A-488C-930B-7C244F673194}.Release|Any CPU.ActiveCfg = Release|Any CPU
		{4DD1B041-C22A-488C-930B-7C244F673194}.Release|Any CPU.Build.0 = Release|Any CPU
		{7677DF25-7410-44BC-86DE-06609AD61D5C}.Debug|Any CPU.ActiveCfg = Debug|Any CPU
		{7677DF25-7410-44BC-86DE-06609AD61D5C}.Debug|Any CPU.Build.0 = Debug|Any CPU
		{7677DF25-7410-44BC-86DE-06609AD61D5C}.Release|Any CPU.ActiveCfg = Release|Any CPU
		{7677DF25-7410-44BC-86DE-06609AD61D5C}.Release|Any CPU.Build.0 = Release|Any CPU
		{D7B17179-003F-43F8-8629-7073D4AAA11F}.Debug|Any CPU.ActiveCfg = Debug|Any CPU
		{D7B17179-003F-43F8-8629-7073D4AAA11F}.Debug|Any CPU.Build.0 = Debug|Any CPU
		{D7B17179-003F-43F8-8629-7073D4AAA11F}.Release|Any CPU.ActiveCfg = Release|Any CPU
		{D7B17179-003F-43F8-8629-7073D4AAA11F}.Release|Any CPU.Build.0 = Release|Any CPU
		{24329CD7-ADF6-4B1D-A67B-5B28FF15B684}.Debug|Any CPU.ActiveCfg = Debug|Any CPU
		{24329CD7-ADF6-4B1D-A67B-5B28FF15B684}.Debug|Any CPU.Build.0 = Debug|Any CPU
		{24329CD7-ADF6-4B1D-A67B-5B28FF15B684}.Release|Any CPU.ActiveCfg = Release|Any CPU
		{24329CD7-ADF6-4B1D-A67B-5B28FF15B684}.Release|Any CPU.Build.0 = Release|Any CPU
		{4094FA8C-A6E4-43AC-A2B0-FD0619573F49}.Debug|Any CPU.ActiveCfg = Debug|Any CPU
		{4094FA8C-A6E4-43AC-A2B0-FD0619573F49}.Debug|Any CPU.Build.0 = Debug|Any CPU
		{4094FA8C-A6E4-43AC-A2B0-FD0619573F49}.Release|Any CPU.ActiveCfg = Release|Any CPU
		{4094FA8C-A6E4-43AC-A2B0-FD0619573F49}.Release|Any CPU.Build.0 = Release|Any CPU
		{D18C3790-61A1-4048-B214-908FD533E7A5}.Debug|Any CPU.ActiveCfg = Debug|Any CPU
		{D18C3790-61A1-4048-B214-908FD533E7A5}.Debug|Any CPU.Build.0 = Debug|Any CPU
		{D18C3790-61A1-4048-B214-908FD533E7A5}.Release|Any CPU.ActiveCfg = Release|Any CPU
		{D18C3790-61A1-4048-B214-908FD533E7A5}.Release|Any CPU.Build.0 = Release|Any CPU
		{935C7E3B-C8E9-4B60-A43D-14778925B573}.Debug|Any CPU.ActiveCfg = Debug|Any CPU
		{935C7E3B-C8E9-4B60-A43D-14778925B573}.Debug|Any CPU.Build.0 = Debug|Any CPU
		{935C7E3B-C8E9-4B60-A43D-14778925B573}.Release|Any CPU.ActiveCfg = Release|Any CPU
		{935C7E3B-C8E9-4B60-A43D-14778925B573}.Release|Any CPU.Build.0 = Release|Any CPU
		{59D1C1CB-E4DA-44F1-824E-06A97FFB8782}.Debug|Any CPU.ActiveCfg = Debug|Any CPU
		{59D1C1CB-E4DA-44F1-824E-06A97FFB8782}.Debug|Any CPU.Build.0 = Debug|Any CPU
		{59D1C1CB-E4DA-44F1-824E-06A97FFB8782}.Release|Any CPU.ActiveCfg = Release|Any CPU
		{59D1C1CB-E4DA-44F1-824E-06A97FFB8782}.Release|Any CPU.Build.0 = Release|Any CPU
		{98F23450-4E13-4743-B414-7463D631CE98}.Debug|Any CPU.ActiveCfg = Debug|Any CPU
		{98F23450-4E13-4743-B414-7463D631CE98}.Debug|Any CPU.Build.0 = Debug|Any CPU
		{98F23450-4E13-4743-B414-7463D631CE98}.Release|Any CPU.ActiveCfg = Release|Any CPU
		{98F23450-4E13-4743-B414-7463D631CE98}.Release|Any CPU.Build.0 = Release|Any CPU
		{C73DA7EB-3A64-4F49-AF69-AA7364079413}.Debug|Any CPU.ActiveCfg = Debug|Any CPU
		{C73DA7EB-3A64-4F49-AF69-AA7364079413}.Debug|Any CPU.Build.0 = Debug|Any CPU
		{C73DA7EB-3A64-4F49-AF69-AA7364079413}.Release|Any CPU.ActiveCfg = Release|Any CPU
		{C73DA7EB-3A64-4F49-AF69-AA7364079413}.Release|Any CPU.Build.0 = Release|Any CPU
		{0DE57769-51A3-4D74-BCE0-AF5DFD2F8CD1}.Debug|Any CPU.ActiveCfg = Debug|Any CPU
		{0DE57769-51A3-4D74-BCE0-AF5DFD2F8CD1}.Debug|Any CPU.Build.0 = Debug|Any CPU
		{0DE57769-51A3-4D74-BCE0-AF5DFD2F8CD1}.Release|Any CPU.ActiveCfg = Release|Any CPU
		{0DE57769-51A3-4D74-BCE0-AF5DFD2F8CD1}.Release|Any CPU.Build.0 = Release|Any CPU
	EndGlobalSection
	GlobalSection(SolutionProperties) = preSolution
		HideSolutionNode = FALSE
	EndGlobalSection
	GlobalSection(NestedProjects) = preSolution
		{7528E53D-AF4B-45CE-89A5-DDF8D7C34EE4} = {3C0732F2-C1FE-4523-8FA1-ECCF650F6DBF}
		{5108DA06-1FF1-4FF3-BD59-7F4AB48D6743} = {7528E53D-AF4B-45CE-89A5-DDF8D7C34EE4}
		{EE655B99-31BA-47E6-B409-6E3E33B19734} = {3C0732F2-C1FE-4523-8FA1-ECCF650F6DBF}
		{28756B2A-B4A8-4FB7-9128-F51271363042} = {EE655B99-31BA-47E6-B409-6E3E33B19734}
		{D22EB741-36D2-4511-AC3D-34CB3AB2DD9F} = {EE655B99-31BA-47E6-B409-6E3E33B19734}
		{F600618B-2E1D-4132-8D63-0C45F1946D23} = {3C0732F2-C1FE-4523-8FA1-ECCF650F6DBF}
		{83AF2DF0-B199-40C0-9B58-32D0122A2667} = {F600618B-2E1D-4132-8D63-0C45F1946D23}
		{3FB87ACA-A071-47E0-9BCA-82911C1C18AE} = {F600618B-2E1D-4132-8D63-0C45F1946D23}
		{7FAA3CE7-A466-4517-B38F-84926D9B2108} = {3AD76C1D-44F3-4686-9807-F5C2338D67D8}
		{8CE801D0-1DD4-487C-8C9C-32DEF25EDE8D} = {7FAA3CE7-A466-4517-B38F-84926D9B2108}
		{6AFB14BF-FB72-4C8B-BFE9-26CAE997D3C2} = {3AD76C1D-44F3-4686-9807-F5C2338D67D8}
		{B81B0B80-B2AB-48C6-B032-ED3A7519C325} = {6AFB14BF-FB72-4C8B-BFE9-26CAE997D3C2}
		{1895B8A0-49E6-4297-BD4B-2B8B177C45BB} = {6AFB14BF-FB72-4C8B-BFE9-26CAE997D3C2}
		{90727F0E-2258-487C-8A81-E3B7D31C5484} = {3AD76C1D-44F3-4686-9807-F5C2338D67D8}
		{80E94615-491F-4CBD-AFAE-828A398406A5} = {90727F0E-2258-487C-8A81-E3B7D31C5484}
		{F8AA68B2-6070-45CE-B7C8-CEFC863E995F} = {90727F0E-2258-487C-8A81-E3B7D31C5484}
		{A7FBA628-19BF-477A-9C4A-AF03682D6AE2} = {FCBA4794-DBA0-4E68-B2CB-C897C37B8CF8}
		{8CD9341F-F399-4FC9-A91E-2D4DDBA2D546} = {A7FBA628-19BF-477A-9C4A-AF03682D6AE2}
		{84BBB9F0-939B-4914-914A-342F333A617F} = {FCBA4794-DBA0-4E68-B2CB-C897C37B8CF8}
		{D85C3522-7ABC-451A-8427-765DCC19A205} = {84BBB9F0-939B-4914-914A-342F333A617F}
		{00D16466-5960-427B-8BFB-F1E4019518CA} = {FCBA4794-DBA0-4E68-B2CB-C897C37B8CF8}
		{DB171C76-03AD-4FEE-82C1-74DE7DCC8232} = {00D16466-5960-427B-8BFB-F1E4019518CA}
		{3F6D86B4-2F21-47AC-84B0-4B1557400B4F} = {00D16466-5960-427B-8BFB-F1E4019518CA}
		{2EAFEE6E-9957-4CF1-800C-14F95C2E313A} = {84BBB9F0-939B-4914-914A-342F333A617F}
		{C4963D98-A0E0-4FE6-A7CD-E4CFD39E0AD4} = {15222D91-334F-4D3D-9919-2AAB0AF14FE4}
		{46DC9160-103F-4001-AF45-2C8715ACA9C9} = {C4963D98-A0E0-4FE6-A7CD-E4CFD39E0AD4}
		{3EBA2030-14C4-44BF-A5A6-C9B6903A2575} = {15222D91-334F-4D3D-9919-2AAB0AF14FE4}
		{F7C73CB9-58D3-4BF3-88D3-495C600DCA93} = {3EBA2030-14C4-44BF-A5A6-C9B6903A2575}
		{8393E979-A269-4BED-BDE7-9C8C8067E49E} = {3EBA2030-14C4-44BF-A5A6-C9B6903A2575}
		{11A47325-4737-40D6-BB1E-AEF5AD754C4B} = {15222D91-334F-4D3D-9919-2AAB0AF14FE4}
		{2A2A8AB4-F913-46FA-93B3-9C95680D36EE} = {11A47325-4737-40D6-BB1E-AEF5AD754C4B}
		{4DD1B041-C22A-488C-930B-7C244F673194} = {11A47325-4737-40D6-BB1E-AEF5AD754C4B}
		{D99A5808-76B7-4FE5-8497-84EBAEF0A76A} = {2644E997-7457-424D-A916-BBDAAE441B26}
		{7677DF25-7410-44BC-86DE-06609AD61D5C} = {D99A5808-76B7-4FE5-8497-84EBAEF0A76A}
		{E4392455-FE64-44D1-A1AB-DABB3813A811} = {2644E997-7457-424D-A916-BBDAAE441B26}
		{D7B17179-003F-43F8-8629-7073D4AAA11F} = {E4392455-FE64-44D1-A1AB-DABB3813A811}
		{24329CD7-ADF6-4B1D-A67B-5B28FF15B684} = {E4392455-FE64-44D1-A1AB-DABB3813A811}
		{6C9E8E79-2838-4F69-A6B7-045CCB191951} = {2644E997-7457-424D-A916-BBDAAE441B26}
		{4094FA8C-A6E4-43AC-A2B0-FD0619573F49} = {6C9E8E79-2838-4F69-A6B7-045CCB191951}
		{D18C3790-61A1-4048-B214-908FD533E7A5} = {6C9E8E79-2838-4F69-A6B7-045CCB191951}
		{EA503461-5215-419C-BA30-1DF6FCAA795A} = {A9FA30AC-CA34-4A95-8AD1-4148A4AF7AB4}
		{935C7E3B-C8E9-4B60-A43D-14778925B573} = {EA503461-5215-419C-BA30-1DF6FCAA795A}
		{CF6EE13C-5AA0-4656-BEDB-BE54D6DC5962} = {A9FA30AC-CA34-4A95-8AD1-4148A4AF7AB4}
		{59D1C1CB-E4DA-44F1-824E-06A97FFB8782} = {CF6EE13C-5AA0-4656-BEDB-BE54D6DC5962}
		{244C89BE-5CEB-4577-8FB1-A7EF6A40C693} = {A9FA30AC-CA34-4A95-8AD1-4148A4AF7AB4}
		{98F23450-4E13-4743-B414-7463D631CE98} = {CF6EE13C-5AA0-4656-BEDB-BE54D6DC5962}
		{C73DA7EB-3A64-4F49-AF69-AA7364079413} = {244C89BE-5CEB-4577-8FB1-A7EF6A40C693}
		{0DE57769-51A3-4D74-BCE0-AF5DFD2F8CD1} = {244C89BE-5CEB-4577-8FB1-A7EF6A40C693}
	EndGlobalSection
	GlobalSection(ExtensibilityGlobals) = postSolution
		SolutionGuid = {BD523794-1255-408B-9334-83A9E4555304}
	EndGlobalSection
EndGlobal
